// !$*UTF8*$!
{
	archiveVersion = 1;
	classes = {
	};
	objectVersion = 55;
	objects = {

/* Begin PBXBuildFile section */
		DE131FDC2756B332006E2095 /* ImageViewController.swift in Sources */ = {isa = PBXBuildFile; fileRef = DE131FDB2756B332006E2095 /* ImageViewController.swift */; };
		DE3B76AB2758052F004015C4 /* TableViewController.swift in Sources */ = {isa = PBXBuildFile; fileRef = DE3B76AA2758052F004015C4 /* TableViewController.swift */; };
		DE3B76AD275810F7004015C4 /* TableViewCell.swift in Sources */ = {isa = PBXBuildFile; fileRef = DE3B76AC275810F7004015C4 /* TableViewCell.swift */; };
		DE4A80E22752A71100B9A21A /* AppDelegate.swift in Sources */ = {isa = PBXBuildFile; fileRef = DE4A80E12752A71100B9A21A /* AppDelegate.swift */; };
		DE4A80E42752A71100B9A21A /* SceneDelegate.swift in Sources */ = {isa = PBXBuildFile; fileRef = DE4A80E32752A71100B9A21A /* SceneDelegate.swift */; };
		DE4A80E92752A71100B9A21A /* Main.storyboard in Resources */ = {isa = PBXBuildFile; fileRef = DE4A80E72752A71100B9A21A /* Main.storyboard */; };
		DE4A80EB2752A71500B9A21A /* Assets.xcassets in Resources */ = {isa = PBXBuildFile; fileRef = DE4A80EA2752A71500B9A21A /* Assets.xcassets */; };
		DE4A80EE2752A71500B9A21A /* LaunchScreen.storyboard in Resources */ = {isa = PBXBuildFile; fileRef = DE4A80EC2752A71500B9A21A /* LaunchScreen.storyboard */; };
		DE4A80FA2753BA8200B9A21A /* HeroOfFilm.swift in Sources */ = {isa = PBXBuildFile; fileRef = DE4A80F92753BA8100B9A21A /* HeroOfFilm.swift */; };
		DE4A80FC2753BC8300B9A21A /* CollectionViewCell.swift in Sources */ = {isa = PBXBuildFile; fileRef = DE4A80FB2753BC8300B9A21A /* CollectionViewCell.swift */; };
		DE4A80FE2753BCB800B9A21A /* CollectionViewController.swift in Sources */ = {isa = PBXBuildFile; fileRef = DE4A80FD2753BCB800B9A21A /* CollectionViewController.swift */; };
/* End PBXBuildFile section */

/* Begin PBXFileReference section */
		DE131FDB2756B332006E2095 /* ImageViewController.swift */ = {isa = PBXFileReference; lastKnownFileType = sourcecode.swift; path = ImageViewController.swift; sourceTree = "<group>"; };
		DE3B76AA2758052F004015C4 /* TableViewController.swift */ = {isa = PBXFileReference; lastKnownFileType = sourcecode.swift; path = TableViewController.swift; sourceTree = "<group>"; };
		DE3B76AC275810F7004015C4 /* TableViewCell.swift */ = {isa = PBXFileReference; lastKnownFileType = sourcecode.swift; path = TableViewCell.swift; sourceTree = "<group>"; };
		DE4A80DE2752A71100B9A21A /* hW2.10.app */ = {isa = PBXFileReference; explicitFileType = wrapper.application; includeInIndex = 0; path = hW2.10.app; sourceTree = BUILT_PRODUCTS_DIR; };
		DE4A80E12752A71100B9A21A /* AppDelegate.swift */ = {isa = PBXFileReference; lastKnownFileType = sourcecode.swift; path = AppDelegate.swift; sourceTree = "<group>"; };
		DE4A80E32752A71100B9A21A /* SceneDelegate.swift */ = {isa = PBXFileReference; lastKnownFileType = sourcecode.swift; path = SceneDelegate.swift; sourceTree = "<group>"; };
		DE4A80E82752A71100B9A21A /* Base */ = {isa = PBXFileReference; lastKnownFileType = file.storyboard; name = Base; path = Base.lproj/Main.storyboard; sourceTree = "<group>"; };
		DE4A80EA2752A71500B9A21A /* Assets.xcassets */ = {isa = PBXFileReference; lastKnownFileType = folder.assetcatalog; path = Assets.xcassets; sourceTree = "<group>"; };
		DE4A80ED2752A71500B9A21A /* Base */ = {isa = PBXFileReference; lastKnownFileType = file.storyboard; name = Base; path = Base.lproj/LaunchScreen.storyboard; sourceTree = "<group>"; };
		DE4A80EF2752A71500B9A21A /* Info.plist */ = {isa = PBXFileReference; lastKnownFileType = text.plist.xml; path = Info.plist; sourceTree = "<group>"; };
		DE4A80F92753BA8100B9A21A /* HeroOfFilm.swift */ = {isa = PBXFileReference; lastKnownFileType = sourcecode.swift; path = HeroOfFilm.swift; sourceTree = "<group>"; };
		DE4A80FB2753BC8300B9A21A /* CollectionViewCell.swift */ = {isa = PBXFileReference; lastKnownFileType = sourcecode.swift; path = CollectionViewCell.swift; sourceTree = "<group>"; };
		DE4A80FD2753BCB800B9A21A /* CollectionViewController.swift */ = {isa = PBXFileReference; lastKnownFileType = sourcecode.swift; path = CollectionViewController.swift; sourceTree = "<group>"; };
/* End PBXFileReference section */

/* Begin PBXFrameworksBuildPhase section */
		DE4A80DB2752A71100B9A21A /* Frameworks */ = {
			isa = PBXFrameworksBuildPhase;
			buildActionMask = 2147483647;
			files = (
			);
			runOnlyForDeploymentPostprocessing = 0;
		};
/* End PBXFrameworksBuildPhase section */

/* Begin PBXGroup section */
		DE4A80D52752A71100B9A21A = {
			isa = PBXGroup;
			children = (
				DE3B76AC275810F7004015C4 /* TableViewCell.swift */,
				DE4A80E02752A71100B9A21A /* hW2.10 */,
				DE4A80DF2752A71100B9A21A /* Products */,
			);
			sourceTree = "<group>";
		};
		DE4A80DF2752A71100B9A21A /* Products */ = {
			isa = PBXGroup;
			children = (
				DE4A80DE2752A71100B9A21A /* hW2.10.app */,
			);
			name = Products;
			sourceTree = "<group>";
		};
		DE4A80E02752A71100B9A21A /* hW2.10 */ = {
			isa = PBXGroup;
			children = (
				DE4A80F82752A76700B9A21A /* Model */,
				DE4A80F52752A72D00B9A21A /* Other  */,
				DE4A80F62752A73900B9A21A /* Controllers */,
				DE4A80F72752A74000B9A21A /* View */,
			);
			path = hW2.10;
			sourceTree = "<group>";
		};
		DE4A80F52752A72D00B9A21A /* Other  */ = {
			isa = PBXGroup;
			children = (
				DE4A80E12752A71100B9A21A /* AppDelegate.swift */,
				DE4A80E32752A71100B9A21A /* SceneDelegate.swift */,
				DE4A80EA2752A71500B9A21A /* Assets.xcassets */,
				DE4A80EF2752A71500B9A21A /* Info.plist */,
			);
			path = "Other ";
			sourceTree = "<group>";
		};
		DE4A80F62752A73900B9A21A /* Controllers */ = {
			isa = PBXGroup;
			children = (
				DE3B76AA2758052F004015C4 /* TableViewController.swift */,
				DE4A80FB2753BC8300B9A21A /* CollectionViewCell.swift */,
				DE4A80FD2753BCB800B9A21A /* CollectionViewController.swift */,
			);
			path = Controllers;
			sourceTree = "<group>";
		};
		DE4A80F72752A74000B9A21A /* View */ = {
			isa = PBXGroup;
			children = (
				DE4A80E72752A71100B9A21A /* Main.storyboard */,
				DE131FDB2756B332006E2095 /* ImageViewController.swift */,
				DE4A80EC2752A71500B9A21A /* LaunchScreen.storyboard */,
			);
			path = View;
			sourceTree = "<group>";
		};
		DE4A80F82752A76700B9A21A /* Model */ = {
			isa = PBXGroup;
			children = (
				DE4A80F92753BA8100B9A21A /* HeroOfFilm.swift */,
			);
			path = Model;
			sourceTree = "<group>";
		};
/* End PBXGroup section */

/* Begin PBXNativeTarget section */
		DE4A80DD2752A71100B9A21A /* hW2.10 */ = {
			isa = PBXNativeTarget;
			buildConfigurationList = DE4A80F22752A71500B9A21A /* Build configuration list for PBXNativeTarget "hW2.10" */;
			buildPhases = (
				DE4A80DA2752A71100B9A21A /* Sources */,
				DE4A80DB2752A71100B9A21A /* Frameworks */,
				DE4A80DC2752A71100B9A21A /* Resources */,
			);
			buildRules = (
			);
			dependencies = (
			);
			name = hW2.10;
			productName = hW2.10;
			productReference = DE4A80DE2752A71100B9A21A /* hW2.10.app */;
			productType = "com.apple.product-type.application";
		};
/* End PBXNativeTarget section */

/* Begin PBXProject section */
		DE4A80D62752A71100B9A21A /* Project object */ = {
			isa = PBXProject;
			attributes = {
				BuildIndependentTargetsInParallel = 1;
				LastSwiftUpdateCheck = 1300;
				LastUpgradeCheck = 1300;
				TargetAttributes = {
					DE4A80DD2752A71100B9A21A = {
						CreatedOnToolsVersion = 13.0;
					};
				};
			};
			buildConfigurationList = DE4A80D92752A71100B9A21A /* Build configuration list for PBXProject "hW2.10" */;
			compatibilityVersion = "Xcode 13.0";
			developmentRegion = en;
			hasScannedForEncodings = 0;
			knownRegions = (
				en,
				Base,
			);
			mainGroup = DE4A80D52752A71100B9A21A;
			productRefGroup = DE4A80DF2752A71100B9A21A /* Products */;
			projectDirPath = "";
			projectRoot = "";
			targets = (
				DE4A80DD2752A71100B9A21A /* hW2.10 */,
			);
		};
/* End PBXProject section */

/* Begin PBXResourcesBuildPhase section */
		DE4A80DC2752A71100B9A21A /* Resources */ = {
			isa = PBXResourcesBuildPhase;
			buildActionMask = 2147483647;
			files = (
				DE4A80EE2752A71500B9A21A /* LaunchScreen.storyboard in Resources */,
				DE4A80EB2752A71500B9A21A /* Assets.xcassets in Resources */,
				DE4A80E92752A71100B9A21A /* Main.storyboard in Resources */,
			);
			runOnlyForDeploymentPostprocessing = 0;
		};
/* End PBXResourcesBuildPhase section */

/* Begin PBXSourcesBuildPhase section */
		DE4A80DA2752A71100B9A21A /* Sources */ = {
			isa = PBXSourcesBuildPhase;
			buildActionMask = 2147483647;
			files = (
				DE4A80FE2753BCB800B9A21A /* CollectionViewController.swift in Sources */,
				DE3B76AD275810F7004015C4 /* TableViewCell.swift in Sources */,
				DE4A80FC2753BC8300B9A21A /* CollectionViewCell.swift in Sources */,
				DE3B76AB2758052F004015C4 /* TableViewController.swift in Sources */,
				DE131FDC2756B332006E2095 /* ImageViewController.swift in Sources */,
				DE4A80E22752A71100B9A21A /* AppDelegate.swift in Sources */,
				DE4A80FA2753BA8200B9A21A /* HeroOfFilm.swift in Sources */,
				DE4A80E42752A71100B9A21A /* SceneDelegate.swift in Sources */,
			);
			runOnlyForDeploymentPostprocessing = 0;
		};
/* End PBXSourcesBuildPhase section */

/* Begin PBXVariantGroup section */
		DE4A80E72752A71100B9A21A /* Main.storyboard */ = {
			isa = PBXVariantGroup;
			children = (
				DE4A80E82752A71100B9A21A /* Base */,
			);
			name = Main.storyboard;
			sourceTree = "<group>";
		};
		DE4A80EC2752A71500B9A21A /* LaunchScreen.storyboard */ = {
			isa = PBXVariantGroup;
			children = (
				DE4A80ED2752A71500B9A21A /* Base */,
			);
			name = LaunchScreen.storyboard;
			sourceTree = "<group>";
		};
/* End PBXVariantGroup section */

/* Begin XCBuildConfiguration section */
		DE4A80F02752A71500B9A21A /* Debug */ = {
			isa = XCBuildConfiguration;
			buildSettings = {
				ALWAYS_SEARCH_USER_PATHS = NO;
				CLANG_ANALYZER_NONNULL = YES;
				CLANG_ANALYZER_NUMBER_OBJECT_CONVERSION = YES_AGGRESSIVE;
				CLANG_CXX_LANGUAGE_STANDARD = "gnu++17";
				CLANG_CXX_LIBRARY = "libc++";
				CLANG_ENABLE_MODULES = YES;
				CLANG_ENABLE_OBJC_ARC = YES;
				CLANG_ENABLE_OBJC_WEAK = YES;
				CLANG_WARN_BLOCK_CAPTURE_AUTORELEASING = YES;
				CLANG_WARN_BOOL_CONVERSION = YES;
				CLANG_WARN_COMMA = YES;
				CLANG_WARN_CONSTANT_CONVERSION = YES;
				CLANG_WARN_DEPRECATED_OBJC_IMPLEMENTATIONS = YES;
				CLANG_WARN_DIRECT_OBJC_ISA_USAGE = YES_ERROR;
				CLANG_WARN_DOCUMENTATION_COMMENTS = YES;
				CLANG_WARN_EMPTY_BODY = YES;
				CLANG_WARN_ENUM_CONVERSION = YES;
				CLANG_WARN_INFINITE_RECURSION = YES;
				CLANG_WARN_INT_CONVERSION = YES;
				CLANG_WARN_NON_LITERAL_NULL_CONVERSION = YES;
				CLANG_WARN_OBJC_IMPLICIT_RETAIN_SELF = YES;
				CLANG_WARN_OBJC_LITERAL_CONVERSION = YES;
				CLANG_WARN_OBJC_ROOT_CLASS = YES_ERROR;
				CLANG_WARN_QUOTED_INCLUDE_IN_FRAMEWORK_HEADER = YES;
				CLANG_WARN_RANGE_LOOP_ANALYSIS = YES;
				CLANG_WARN_STRICT_PROTOTYPES = YES;
				CLANG_WARN_SUSPICIOUS_MOVE = YES;
				CLANG_WARN_UNGUARDED_AVAILABILITY = YES_AGGRESSIVE;
				CLANG_WARN_UNREACHABLE_CODE = YES;
				CLANG_WARN__DUPLICATE_METHOD_MATCH = YES;
				COPY_PHASE_STRIP = NO;
				DEBUG_INFORMATION_FORMAT = dwarf;
				ENABLE_STRICT_OBJC_MSGSEND = YES;
				ENABLE_TESTABILITY = YES;
				GCC_C_LANGUAGE_STANDARD = gnu11;
				GCC_DYNAMIC_NO_PIC = NO;
				GCC_NO_COMMON_BLOCKS = YES;
				GCC_OPTIMIZATION_LEVEL = 0;
				GCC_PREPROCESSOR_DEFINITIONS = (
					"DEBUG=1",
					"$(inherited)",
				);
				GCC_WARN_64_TO_32_BIT_CONVERSION = YES;
				GCC_WARN_ABOUT_RETURN_TYPE = YES_ERROR;
				GCC_WARN_UNDECLARED_SELECTOR = YES;
				GCC_WARN_UNINITIALIZED_AUTOS = YES_AGGRESSIVE;
				GCC_WARN_UNUSED_FUNCTION = YES;
				GCC_WARN_UNUSED_VARIABLE = YES;
				IPHONEOS_DEPLOYMENT_TARGET = 15.0;
				MTL_ENABLE_DEBUG_INFO = INCLUDE_SOURCE;
				MTL_FAST_MATH = YES;
				ONLY_ACTIVE_ARCH = YES;
				SDKROOT = iphoneos;
				SWIFT_ACTIVE_COMPILATION_CONDITIONS = DEBUG;
				SWIFT_OPTIMIZATION_LEVEL = "-Onone";
			};
			name = Debug;
		};
		DE4A80F12752A71500B9A21A /* Release */ = {
			isa = XCBuildConfiguration;
			buildSettings = {
				ALWAYS_SEARCH_USER_PATHS = NO;
				CLANG_ANALYZER_NONNULL = YES;
				CLANG_ANALYZER_NUMBER_OBJECT_CONVERSION = YES_AGGRESSIVE;
				CLANG_CXX_LANGUAGE_STANDARD = "gnu++17";
				CLANG_CXX_LIBRARY = "libc++";
				CLANG_ENABLE_MODULES = YES;
				CLANG_ENABLE_OBJC_ARC = YES;
				CLANG_ENABLE_OBJC_WEAK = YES;
				CLANG_WARN_BLOCK_CAPTURE_AUTORELEASING = YES;
				CLANG_WARN_BOOL_CONVERSION = YES;
				CLANG_WARN_COMMA = YES;
				CLANG_WARN_CONSTANT_CONVERSION = YES;
				CLANG_WARN_DEPRECATED_OBJC_IMPLEMENTATIONS = YES;
				CLANG_WARN_DIRECT_OBJC_ISA_USAGE = YES_ERROR;
				CLANG_WARN_DOCUMENTATION_COMMENTS = YES;
				CLANG_WARN_EMPTY_BODY = YES;
				CLANG_WARN_ENUM_CONVERSION = YES;
				CLANG_WARN_INFINITE_RECURSION = YES;
				CLANG_WARN_INT_CONVERSION = YES;
				CLANG_WARN_NON_LITERAL_NULL_CONVERSION = YES;
				CLANG_WARN_OBJC_IMPLICIT_RETAIN_SELF = YES;
				CLANG_WARN_OBJC_LITERAL_CONVERSION = YES;
				CLANG_WARN_OBJC_ROOT_CLASS = YES_ERROR;
				CLANG_WARN_QUOTED_INCLUDE_IN_FRAMEWORK_HEADER = YES;
				CLANG_WARN_RANGE_LOOP_ANALYSIS = YES;
				CLANG_WARN_STRICT_PROTOTYPES = YES;
				CLANG_WARN_SUSPICIOUS_MOVE = YES;
				CLANG_WARN_UNGUARDED_AVAILABILITY = YES_AGGRESSIVE;
				CLANG_WARN_UNREACHABLE_CODE = YES;
				CLANG_WARN__DUPLICATE_METHOD_MATCH = YES;
				COPY_PHASE_STRIP = NO;
				DEBUG_INFORMATION_FORMAT = "dwarf-with-dsym";
				ENABLE_NS_ASSERTIONS = NO;
				ENABLE_STRICT_OBJC_MSGSEND = YES;
				GCC_C_LANGUAGE_STANDARD = gnu11;
				GCC_NO_COMMON_BLOCKS = YES;
				GCC_WARN_64_TO_32_BIT_CONVERSION = YES;
				GCC_WARN_ABOUT_RETURN_TYPE = YES_ERROR;
				GCC_WARN_UNDECLARED_SELECTOR = YES;
				GCC_WARN_UNINITIALIZED_AUTOS = YES_AGGRESSIVE;
				GCC_WARN_UNUSED_FUNCTION = YES;
				GCC_WARN_UNUSED_VARIABLE = YES;
				IPHONEOS_DEPLOYMENT_TARGET = 15.0;
				MTL_ENABLE_DEBUG_INFO = NO;
				MTL_FAST_MATH = YES;
				SDKROOT = iphoneos;
				SWIFT_COMPILATION_MODE = wholemodule;
				SWIFT_OPTIMIZATION_LEVEL = "-O";
				VALIDATE_PRODUCT = YES;
			};
			name = Release;
		};
		DE4A80F32752A71500B9A21A /* Debug */ = {
			isa = XCBuildConfiguration;
			buildSettings = {
				ASSETCATALOG_COMPILER_APPICON_NAME = AppIcon;
				ASSETCATALOG_COMPILER_GLOBAL_ACCENT_COLOR_NAME = AccentColor;
				CODE_SIGN_STYLE = Automatic;
				CURRENT_PROJECT_VERSION = 1;
				DEVELOPMENT_TEAM = 8C8XRB8SJ7;
				GENERATE_INFOPLIST_FILE = YES;
				INFOPLIST_FILE = "/Users/aleksejtrofimov/Desktop/swiftHomeWork/2 курс/untitled folder/hW2.10/hW2.10/Other /Info.plist";
				INFOPLIST_KEY_UIApplicationSupportsIndirectInputEvents = YES;
				INFOPLIST_KEY_UILaunchStoryboardName = LaunchScreen;
				INFOPLIST_KEY_UIMainStoryboardFile = Main;
				INFOPLIST_KEY_UISupportedInterfaceOrientations_iPad = "UIInterfaceOrientationPortrait UIInterfaceOrientationPortraitUpsideDown UIInterfaceOrientationLandscapeLeft UIInterfaceOrientationLandscapeRight";
				INFOPLIST_KEY_UISupportedInterfaceOrientations_iPhone = "UIInterfaceOrientationPortrait UIInterfaceOrientationLandscapeLeft UIInterfaceOrientationLandscapeRight";
				LD_RUNPATH_SEARCH_PATHS = (
					"$(inherited)",
					"@executable_path/Frameworks",
				);
				MARKETING_VERSION = 1.0;
				PRODUCT_BUNDLE_IDENTIFIER = "-.hW2-10";
				PRODUCT_NAME = "$(TARGET_NAME)";
				SWIFT_EMIT_LOC_STRINGS = YES;
				SWIFT_VERSION = 5.0;
				TARGETED_DEVICE_FAMILY = "1,2";
			};
			name = Debug;
		};
		DE4A80F42752A71500B9A21A /* Release */ = {
			isa = XCBuildConfiguration;
			buildSettings = {
				ASSETCATALOG_COMPILER_APPICON_NAME = AppIcon;
				ASSETCATALOG_COMPILER_GLOBAL_ACCENT_COLOR_NAME = AccentColor;
				CODE_SIGN_STYLE = Automatic;
				CURRENT_PROJECT_VERSION = 1;
				DEVELOPMENT_TEAM = 8C8XRB8SJ7;
				GENERATE_INFOPLIST_FILE = YES;
				INFOPLIST_FILE = "/Users/aleksejtrofimov/Desktop/swiftHomeWork/2 курс/untitled folder/hW2.10/hW2.10/Other /Info.plist";
				INFOPLIST_KEY_UIApplicationSupportsIndirectInputEvents = YES;
				INFOPLIST_KEY_UILaunchStoryboardName = LaunchScreen;
				INFOPLIST_KEY_UIMainStoryboardFile = Main;
				INFOPLIST_KEY_UISupportedInterfaceOrientations_iPad = "UIInterfaceOrientationPortrait UIInterfaceOrientationPortraitUpsideDown UIInterfaceOrientationLandscapeLeft UIInterfaceOrientationLandscapeRight";
				INFOPLIST_KEY_UISupportedInterfaceOrientations_iPhone = "UIInterfaceOrientationPortrait UIInterfaceOrientationLandscapeLeft UIInterfaceOrientationLandscapeRight";
				LD_RUNPATH_SEARCH_PATHS = (
					"$(inherited)",
					"@executable_path/Frameworks",
				);
				MARKETING_VERSION = 1.0;
				PRODUCT_BUNDLE_IDENTIFIER = "-.hW2-10";
				PRODUCT_NAME = "$(TARGET_NAME)";
				SWIFT_EMIT_LOC_STRINGS = YES;
				SWIFT_VERSION = 5.0;
				TARGETED_DEVICE_FAMILY = "1,2";
			};
			name = Release;
		};
/* End XCBuildConfiguration section */

/* Begin XCConfigurationList section */
		DE4A80D92752A71100B9A21A /* Build configuration list for PBXProject "hW2.10" */ = {
			isa = XCConfigurationList;
			buildConfigurations = (
				DE4A80F02752A71500B9A21A /* Debug */,
				DE4A80F12752A71500B9A21A /* Release */,
			);
			defaultConfigurationIsVisible = 0;
			defaultConfigurationName = Release;
		};
		DE4A80F22752A71500B9A21A /* Build configuration list for PBXNativeTarget "hW2.10" */ = {
			isa = XCConfigurationList;
			buildConfigurations = (
				DE4A80F32752A71500B9A21A /* Debug */,
				DE4A80F42752A71500B9A21A /* Release */,
			);
			defaultConfigurationIsVisible = 0;
			defaultConfigurationName = Release;
		};
/* End XCConfigurationList section */
	};
	rootObject = DE4A80D62752A71100B9A21A /* Project object */;
}
